
Microsoft Visual Studio Solution File, Format Version 12.00
# Visual Studio Version 17
VisualStudioVersion = 17.7.34024.191
MinimumVisualStudioVersion = 10.0.40219.1
Project("{FAE04EC0-301F-11D3-BF4B-00C04F79EFBC}") = "Week9Lists", "Week9Lists\Week9Lists.csproj", "{E1FFD9B9-DFD9-473E-8B3E-B641EC702E56}"
EndProject
Global
	GlobalSection(SolutionConfigurationPlatforms) = preSolution
		Debug|Any CPU = Debug|Any CPU
		Release|Any CPU = Release|Any CPU
	EndGlobalSection
	GlobalSection(ProjectConfigurationPlatforms) = postSolution
		{E1FFD9B9-DFD9-473E-8B3E-B641EC702E56}.Debug|Any CPU.ActiveCfg = Debug|Any CPU
		{E1FFD9B9-DFD9-473E-8B3E-B641EC702E56}.Debug|Any CPU.Build.0 = Debug|Any CPU
		{E1FFD9B9-DFD9-473E-8B3E-B641EC702E56}.Release|Any CPU.ActiveCfg = Release|Any CPU
		{E1FFD9B9-DFD9-473E-8B3E-B641EC702E56}.Release|Any CPU.Build.0 = Release|Any CPU
	EndGlobalSection
	GlobalSection(SolutionProperties) = preSolution
		HideSolutionNode = FALSE
	EndGlobalSection
	GlobalSection(ExtensibilityGlobals) = postSolution
		SolutionGuid = {29C5202D-4B61-416A-987D-A2C3D0823959}
	EndGlobalSection
EndGlobal
